
Microsoft Visual Studio Solution File, Format Version 12.00
# Visual Studio Version 17
VisualStudioVersion = 17.8.34525.116
MinimumVisualStudioVersion = 10.0.40219.1
Project("{9A19103F-16F7-4668-BE54-9A1E7A4F7556}") = "Aporta.Core", "Aporta.Core\Aporta.Core.csproj", "{181E9DB4-AE61-42CE-9C3A-CCBBDFAB1C34}"
EndProject
Project("{9A19103F-16F7-4668-BE54-9A1E7A4F7556}") = "Aporta.Extensions", "Aporta.Extensions\Aporta.Extensions.csproj", "{844B3222-604E-4C7C-AC87-848FBDA032D4}"
EndProject
Project("{9A19103F-16F7-4668-BE54-9A1E7A4F7556}") = "Aporta", "Aporta\Aporta.csproj", "{1D04D0E4-2345-4DE3-ACA3-2D83AA0FFE5D}"
	ProjectSection(ProjectDependencies) = postProject
		{81A7B02D-8576-445F-95A5-5F6EA8E927F8} = {81A7B02D-8576-445F-95A5-5F6EA8E927F8}
		{82B9A5C8-6A86-42C6-96BF-E516A3A1759D} = {82B9A5C8-6A86-42C6-96BF-E516A3A1759D}
		{9935D7A9-E4DC-48CE-9934-BF0E379892CA} = {9935D7A9-E4DC-48CE-9934-BF0E379892CA}
		{077E6508-BD59-482E-BA46-41DC33BA7179} = {077E6508-BD59-482E-BA46-41DC33BA7179}
		{90D67495-7B53-4B79-A9BD-1C559FAC536F} = {90D67495-7B53-4B79-A9BD-1C559FAC536F}
	EndProjectSection
EndProject
Project("{2150E333-8FDC-42A3-9474-1A3956D46DE8}") = "Drivers", "Drivers", "{035F16E0-E30C-43CB-8BB7-C8322283208D}"
EndProject
Project("{9A19103F-16F7-4668-BE54-9A1E7A4F7556}") = "Aporta.Drivers.OSDP", "Drivers\Aporta.Drivers.OSDP\Aporta.Drivers.OSDP.csproj", "{9935D7A9-E4DC-48CE-9934-BF0E379892CA}"
EndProject
Project("{9A19103F-16F7-4668-BE54-9A1E7A4F7556}") = "Aporta.Drivers.IonoPi", "Drivers\Aporta.Drivers.IonoPi\Aporta.Drivers.IonoPi.csproj", "{81A7B02D-8576-445F-95A5-5F6EA8E927F8}"
EndProject
Project("{2150E333-8FDC-42A3-9474-1A3956D46DE8}") = "Test", "Test", "{2DFBFA3A-B289-4723-A630-C5240C7ADE85}"
EndProject
Project("{9A19103F-16F7-4668-BE54-9A1E7A4F7556}") = "Aporta.Core.Tests", "..\test\Aporta.Core.Tests\Aporta.Core.Tests.csproj", "{EBD5E47F-3764-4129-BB98-25E33F73B224}"
EndProject
Project("{9A19103F-16F7-4668-BE54-9A1E7A4F7556}") = "Aporta.WebClient", "Aporta.WebClient\Aporta.WebClient.csproj", "{7420476B-9DDE-42E0-B200-AE7E4AB1CBF8}"
EndProject
Project("{9A19103F-16F7-4668-BE54-9A1E7A4F7556}") = "Aporta.Shared", "Aporta.Shared\Aporta.Shared.csproj", "{BC2ACA82-77C9-40E0-BE3F-91A09C075F97}"
EndProject
Project("{9A19103F-16F7-4668-BE54-9A1E7A4F7556}") = "Aporta.Drivers.OSDP.WebClient", "Drivers\Aporta.Drivers.OSDP.WebClient\Aporta.Drivers.OSDP.WebClient.csproj", "{CCB39A69-844E-4A0A-A2AB-24DCBB9C6CDA}"
EndProject
Project("{9A19103F-16F7-4668-BE54-9A1E7A4F7556}") = "Aporta.Drivers.OSDP.Shared", "Drivers\Aporta.Drivers.OSDP.Shared\Aporta.Drivers.OSDP.Shared.csproj", "{0A3AB1D0-B1BA-4E4C-8907-492C7856DC21}"
EndProject
Project("{2150E333-8FDC-42A3-9474-1A3956D46DE8}") = "Drivers", "Drivers", "{6F57EF26-FA40-4A1E-BD23-DA25755334F2}"
EndProject
Project("{9A19103F-16F7-4668-BE54-9A1E7A4F7556}") = "TestDriver", "..\test\Drivers\TestDriver\TestDriver.csproj", "{789D2242-6BA2-4467-B434-9BBE44234D5A}"
EndProject
Project("{2150E333-8FDC-42A3-9474-1A3956D46DE8}") = "OSDP", "OSDP", "{EF0DDAAE-3A0C-4F0E-8EC8-914FD50B2737}"
EndProject
Project("{2150E333-8FDC-42A3-9474-1A3956D46DE8}") = "IonoPi", "IonoPi", "{3153878A-99CB-4DA2-96DF-7DB639F14A87}"
EndProject
Project("{2150E333-8FDC-42A3-9474-1A3956D46DE8}") = "Settings", "Settings", "{3A37D965-DB8E-406E-B472-F58E661921FA}"
	ProjectSection(SolutionItems) = preProject
		..\azure-pipelines.yml = ..\azure-pipelines.yml
		..\Directory.Build.props = ..\Directory.Build.props
		..\set-version.ps1 = ..\set-version.ps1
	EndProjectSection
EndProject
Project("{2150E333-8FDC-42A3-9474-1A3956D46DE8}") = "Setup", "Setup", "{7721B58D-7236-4F4D-87C8-70A7107E3F7F}"
EndProject
Project("{930C7802-8A8C-48F9-8165-68863BCCD9DD}") = "SetupProject", "..\setup\Windows\SetupProject\SetupProject.wixproj", "{07792752-09D4-45DD-8F8A-17769C59206A}"
EndProject
Project("{2150E333-8FDC-42A3-9474-1A3956D46DE8}") = "Windows", "Windows", "{D7930C1C-6407-4791-AF3F-3A0884F428CC}"
EndProject
Project("{2150E333-8FDC-42A3-9474-1A3956D46DE8}") = "Docs", "Docs", "{4BE8F4FD-297B-4E7E-A5C9-813EA9395BC2}"
	ProjectSection(SolutionItems) = preProject
		..\docs\AportaHouseKeeping.md = ..\docs\AportaHouseKeeping.md
		..\docs\HowToCreateADriver.md = ..\docs\HowToCreateADriver.md
		..\docs\HowToUseTheVirtualDeviceDriver.md = ..\docs\HowToUseTheVirtualDeviceDriver.md
		..\README.md = ..\README.md
	EndProjectSection
EndProject
Project("{2150E333-8FDC-42A3-9474-1A3956D46DE8}") = "IonoPiMax", "IonoPiMax", "{072358EF-DD46-4015-AAF2-E5E53DF30343}"
EndProject
Project("{9A19103F-16F7-4668-BE54-9A1E7A4F7556}") = "Aporta.Drivers.IonoPiMax", "Drivers\Aporta.Drivers.IonoPiMax\Aporta.Drivers.IonoPiMax.csproj", "{82B9A5C8-6A86-42C6-96BF-E516A3A1759D}"
EndProject
Project("{2150E333-8FDC-42A3-9474-1A3956D46DE8}") = "Virtual", "Virtual", "{41EDA034-80AD-438B-8DE2-B60F9BFA3555}"
EndProject
Project("{9A19103F-16F7-4668-BE54-9A1E7A4F7556}") = "Aporta.Drivers.Virtual", "Drivers\Aporta.Drivers.Virtual\Aporta.Drivers.Virtual.csproj", "{077E6508-BD59-482E-BA46-41DC33BA7179}"
EndProject
Project("{9A19103F-16F7-4668-BE54-9A1E7A4F7556}") = "Aporta.Drivers.Virtual.WebClient", "Drivers\Aporta.Drivers.Virtual.WebClient\Aporta.Drivers.Virtual.WebClient.csproj", "{75C7C3FE-36E4-418B-9224-A1417433BE8D}"
EndProject
Project("{9A19103F-16F7-4668-BE54-9A1E7A4F7556}") = "Aporta.Drivers.Virtual.Shared", "Drivers\Aporta.Drivers.Virtual.Shared\Aporta.Drivers.Virtual.Shared.csproj", "{90D67495-7B53-4B79-A9BD-1C559FAC536F}"
EndProject
Project("{2150E333-8FDC-42A3-9474-1A3956D46DE8}") = "ci", "ci", "{BCC48DC3-6E2C-4C8A-94D5-E9A34078A9C8}"
	ProjectSection(SolutionItems) = preProject
		..\ci\build.yml = ..\ci\build.yml
		..\ci\linux_installer.yml = ..\ci\linux_installer.yml
		..\ci\linux_install_amd64.sh = ..\ci\linux_install_amd64.sh
		..\ci\linux_install_arm64.sh = ..\ci\linux_install_arm64.sh
		..\ci\linux_install_armhf.sh = ..\ci\linux_install_armhf.sh
		..\ci\windows_installer.yml = ..\ci\windows_installer.yml
	EndProjectSection
EndProject
Project("{9A19103F-16F7-4668-BE54-9A1E7A4F7556}") = "Aporta.WebClient.Tests", "..\test\Aporta.WebClient.Tests\Aporta.WebClient.Tests.csproj", "{D56BF00D-EB07-465F-BEDB-828122976C30}"
EndProject
Project("{2150E333-8FDC-42A3-9474-1A3956D46DE8}") = "OSDP", "OSDP", "{4514A2B0-7400-42EB-96B1-F6904C31FE0F}"
EndProject
Project("{9A19103F-16F7-4668-BE54-9A1E7A4F7556}") = "Aporta.Drivers.OSDP.WebClient.Tests", "..\test\Drivers\OSDP\Aporta.Drivers.OSDP.WebClient.Tests\Aporta.Drivers.OSDP.WebClient.Tests.csproj", "{64E4D9EF-5F6A-4371-BB76-988DA7978437}"
EndProject
Project("{9A19103F-16F7-4668-BE54-9A1E7A4F7556}") = "TestWebClientConfiguration", "..\test\TestWebClientConfiguration\TestWebClientConfiguration.csproj", "{6D6C6215-8154-4E95-9B5E-71E526CE091B}"
EndProject
Project("{2150E333-8FDC-42A3-9474-1A3956D46DE8}") = "Virtual", "Virtual", "{72A10DAD-4C7D-4F7B-A8B2-BCE3D391F4A2}"
EndProject
Project("{9A19103F-16F7-4668-BE54-9A1E7A4F7556}") = "Aporta.Drivers.Virtual.WebClient.Tests", "..\test\Drivers\Virtual\Aporta.Drivers.Virtual.WebClient.Tests\Aporta.Drivers.Virtual.WebClient.Tests.csproj", "{FD09709D-A3DC-487B-AD25-26E5452DC811}"
EndProject
Global
	GlobalSection(SolutionConfigurationPlatforms) = preSolution
		Debug|Any CPU = Debug|Any CPU
		Debug|x86 = Debug|x86
		Release|Any CPU = Release|Any CPU
		Release|x86 = Release|x86
	EndGlobalSection
	GlobalSection(ProjectConfigurationPlatforms) = postSolution
		{181E9DB4-AE61-42CE-9C3A-CCBBDFAB1C34}.Debug|Any CPU.ActiveCfg = Debug|Any CPU
		{181E9DB4-AE61-42CE-9C3A-CCBBDFAB1C34}.Debug|Any CPU.Build.0 = Debug|Any CPU
		{181E9DB4-AE61-42CE-9C3A-CCBBDFAB1C34}.Debug|x86.ActiveCfg = Debug|Any CPU
		{181E9DB4-AE61-42CE-9C3A-CCBBDFAB1C34}.Debug|x86.Build.0 = Debug|Any CPU
		{181E9DB4-AE61-42CE-9C3A-CCBBDFAB1C34}.Release|Any CPU.ActiveCfg = Release|Any CPU
		{181E9DB4-AE61-42CE-9C3A-CCBBDFAB1C34}.Release|Any CPU.Build.0 = Release|Any CPU
		{181E9DB4-AE61-42CE-9C3A-CCBBDFAB1C34}.Release|x86.ActiveCfg = Release|Any CPU
		{181E9DB4-AE61-42CE-9C3A-CCBBDFAB1C34}.Release|x86.Build.0 = Release|Any CPU
		{844B3222-604E-4C7C-AC87-848FBDA032D4}.Debug|Any CPU.ActiveCfg = Debug|Any CPU
		{844B3222-604E-4C7C-AC87-848FBDA032D4}.Debug|Any CPU.Build.0 = Debug|Any CPU
		{844B3222-604E-4C7C-AC87-848FBDA032D4}.Debug|x86.ActiveCfg = Debug|Any CPU
		{844B3222-604E-4C7C-AC87-848FBDA032D4}.Debug|x86.Build.0 = Debug|Any CPU
		{844B3222-604E-4C7C-AC87-848FBDA032D4}.Release|Any CPU.ActiveCfg = Release|Any CPU
		{844B3222-604E-4C7C-AC87-848FBDA032D4}.Release|Any CPU.Build.0 = Release|Any CPU
		{844B3222-604E-4C7C-AC87-848FBDA032D4}.Release|x86.ActiveCfg = Release|Any CPU
		{844B3222-604E-4C7C-AC87-848FBDA032D4}.Release|x86.Build.0 = Release|Any CPU
		{1D04D0E4-2345-4DE3-ACA3-2D83AA0FFE5D}.Debug|Any CPU.ActiveCfg = Debug|Any CPU
		{1D04D0E4-2345-4DE3-ACA3-2D83AA0FFE5D}.Debug|Any CPU.Build.0 = Debug|Any CPU
		{1D04D0E4-2345-4DE3-ACA3-2D83AA0FFE5D}.Debug|x86.ActiveCfg = Debug|Any CPU
		{1D04D0E4-2345-4DE3-ACA3-2D83AA0FFE5D}.Debug|x86.Build.0 = Debug|Any CPU
		{1D04D0E4-2345-4DE3-ACA3-2D83AA0FFE5D}.Release|Any CPU.ActiveCfg = Release|Any CPU
		{1D04D0E4-2345-4DE3-ACA3-2D83AA0FFE5D}.Release|Any CPU.Build.0 = Release|Any CPU
		{1D04D0E4-2345-4DE3-ACA3-2D83AA0FFE5D}.Release|x86.ActiveCfg = Release|Any CPU
		{1D04D0E4-2345-4DE3-ACA3-2D83AA0FFE5D}.Release|x86.Build.0 = Release|Any CPU
		{9935D7A9-E4DC-48CE-9934-BF0E379892CA}.Debug|Any CPU.ActiveCfg = Debug|Any CPU
		{9935D7A9-E4DC-48CE-9934-BF0E379892CA}.Debug|Any CPU.Build.0 = Debug|Any CPU
		{9935D7A9-E4DC-48CE-9934-BF0E379892CA}.Debug|x86.ActiveCfg = Debug|Any CPU
		{9935D7A9-E4DC-48CE-9934-BF0E379892CA}.Debug|x86.Build.0 = Debug|Any CPU
		{9935D7A9-E4DC-48CE-9934-BF0E379892CA}.Release|Any CPU.ActiveCfg = Release|Any CPU
		{9935D7A9-E4DC-48CE-9934-BF0E379892CA}.Release|Any CPU.Build.0 = Release|Any CPU
		{9935D7A9-E4DC-48CE-9934-BF0E379892CA}.Release|x86.ActiveCfg = Release|Any CPU
		{9935D7A9-E4DC-48CE-9934-BF0E379892CA}.Release|x86.Build.0 = Release|Any CPU
		{81A7B02D-8576-445F-95A5-5F6EA8E927F8}.Debug|Any CPU.ActiveCfg = Debug|Any CPU
		{81A7B02D-8576-445F-95A5-5F6EA8E927F8}.Debug|Any CPU.Build.0 = Debug|Any CPU
		{81A7B02D-8576-445F-95A5-5F6EA8E927F8}.Debug|x86.ActiveCfg = Debug|Any CPU
		{81A7B02D-8576-445F-95A5-5F6EA8E927F8}.Debug|x86.Build.0 = Debug|Any CPU
		{81A7B02D-8576-445F-95A5-5F6EA8E927F8}.Release|Any CPU.ActiveCfg = Release|Any CPU
		{81A7B02D-8576-445F-95A5-5F6EA8E927F8}.Release|Any CPU.Build.0 = Release|Any CPU
		{81A7B02D-8576-445F-95A5-5F6EA8E927F8}.Release|x86.ActiveCfg = Release|Any CPU
		{81A7B02D-8576-445F-95A5-5F6EA8E927F8}.Release|x86.Build.0 = Release|Any CPU
		{EBD5E47F-3764-4129-BB98-25E33F73B224}.Debug|Any CPU.ActiveCfg = Debug|Any CPU
		{EBD5E47F-3764-4129-BB98-25E33F73B224}.Debug|Any CPU.Build.0 = Debug|Any CPU
		{EBD5E47F-3764-4129-BB98-25E33F73B224}.Debug|x86.ActiveCfg = Debug|Any CPU
		{EBD5E47F-3764-4129-BB98-25E33F73B224}.Debug|x86.Build.0 = Debug|Any CPU
		{EBD5E47F-3764-4129-BB98-25E33F73B224}.Release|Any CPU.ActiveCfg = Release|Any CPU
		{EBD5E47F-3764-4129-BB98-25E33F73B224}.Release|Any CPU.Build.0 = Release|Any CPU
		{EBD5E47F-3764-4129-BB98-25E33F73B224}.Release|x86.ActiveCfg = Release|Any CPU
		{EBD5E47F-3764-4129-BB98-25E33F73B224}.Release|x86.Build.0 = Release|Any CPU
		{7420476B-9DDE-42E0-B200-AE7E4AB1CBF8}.Debug|Any CPU.ActiveCfg = Debug|Any CPU
		{7420476B-9DDE-42E0-B200-AE7E4AB1CBF8}.Debug|Any CPU.Build.0 = Debug|Any CPU
		{7420476B-9DDE-42E0-B200-AE7E4AB1CBF8}.Debug|x86.ActiveCfg = Debug|Any CPU
		{7420476B-9DDE-42E0-B200-AE7E4AB1CBF8}.Debug|x86.Build.0 = Debug|Any CPU
		{7420476B-9DDE-42E0-B200-AE7E4AB1CBF8}.Release|Any CPU.ActiveCfg = Release|Any CPU
		{7420476B-9DDE-42E0-B200-AE7E4AB1CBF8}.Release|Any CPU.Build.0 = Release|Any CPU
		{7420476B-9DDE-42E0-B200-AE7E4AB1CBF8}.Release|x86.ActiveCfg = Release|Any CPU
		{7420476B-9DDE-42E0-B200-AE7E4AB1CBF8}.Release|x86.Build.0 = Release|Any CPU
		{BC2ACA82-77C9-40E0-BE3F-91A09C075F97}.Debug|Any CPU.ActiveCfg = Debug|Any CPU
		{BC2ACA82-77C9-40E0-BE3F-91A09C075F97}.Debug|Any CPU.Build.0 = Debug|Any CPU
		{BC2ACA82-77C9-40E0-BE3F-91A09C075F97}.Debug|x86.ActiveCfg = Debug|Any CPU
		{BC2ACA82-77C9-40E0-BE3F-91A09C075F97}.Debug|x86.Build.0 = Debug|Any CPU
		{BC2ACA82-77C9-40E0-BE3F-91A09C075F97}.Release|Any CPU.ActiveCfg = Release|Any CPU
		{BC2ACA82-77C9-40E0-BE3F-91A09C075F97}.Release|Any CPU.Build.0 = Release|Any CPU
		{BC2ACA82-77C9-40E0-BE3F-91A09C075F97}.Release|x86.ActiveCfg = Release|Any CPU
		{BC2ACA82-77C9-40E0-BE3F-91A09C075F97}.Release|x86.Build.0 = Release|Any CPU
		{CCB39A69-844E-4A0A-A2AB-24DCBB9C6CDA}.Debug|Any CPU.ActiveCfg = Debug|Any CPU
		{CCB39A69-844E-4A0A-A2AB-24DCBB9C6CDA}.Debug|Any CPU.Build.0 = Debug|Any CPU
		{CCB39A69-844E-4A0A-A2AB-24DCBB9C6CDA}.Debug|x86.ActiveCfg = Debug|Any CPU
		{CCB39A69-844E-4A0A-A2AB-24DCBB9C6CDA}.Debug|x86.Build.0 = Debug|Any CPU
		{CCB39A69-844E-4A0A-A2AB-24DCBB9C6CDA}.Release|Any CPU.ActiveCfg = Release|Any CPU
		{CCB39A69-844E-4A0A-A2AB-24DCBB9C6CDA}.Release|Any CPU.Build.0 = Release|Any CPU
		{CCB39A69-844E-4A0A-A2AB-24DCBB9C6CDA}.Release|x86.ActiveCfg = Release|Any CPU
		{CCB39A69-844E-4A0A-A2AB-24DCBB9C6CDA}.Release|x86.Build.0 = Release|Any CPU
		{0A3AB1D0-B1BA-4E4C-8907-492C7856DC21}.Debug|Any CPU.ActiveCfg = Debug|Any CPU
		{0A3AB1D0-B1BA-4E4C-8907-492C7856DC21}.Debug|Any CPU.Build.0 = Debug|Any CPU
		{0A3AB1D0-B1BA-4E4C-8907-492C7856DC21}.Debug|x86.ActiveCfg = Debug|Any CPU
		{0A3AB1D0-B1BA-4E4C-8907-492C7856DC21}.Debug|x86.Build.0 = Debug|Any CPU
		{0A3AB1D0-B1BA-4E4C-8907-492C7856DC21}.Release|Any CPU.ActiveCfg = Release|Any CPU
		{0A3AB1D0-B1BA-4E4C-8907-492C7856DC21}.Release|Any CPU.Build.0 = Release|Any CPU
		{0A3AB1D0-B1BA-4E4C-8907-492C7856DC21}.Release|x86.ActiveCfg = Release|Any CPU
		{0A3AB1D0-B1BA-4E4C-8907-492C7856DC21}.Release|x86.Build.0 = Release|Any CPU
		{789D2242-6BA2-4467-B434-9BBE44234D5A}.Debug|Any CPU.ActiveCfg = Debug|Any CPU
		{789D2242-6BA2-4467-B434-9BBE44234D5A}.Debug|Any CPU.Build.0 = Debug|Any CPU
		{789D2242-6BA2-4467-B434-9BBE44234D5A}.Debug|x86.ActiveCfg = Debug|Any CPU
		{789D2242-6BA2-4467-B434-9BBE44234D5A}.Debug|x86.Build.0 = Debug|Any CPU
		{789D2242-6BA2-4467-B434-9BBE44234D5A}.Release|Any CPU.ActiveCfg = Release|Any CPU
		{789D2242-6BA2-4467-B434-9BBE44234D5A}.Release|Any CPU.Build.0 = Release|Any CPU
		{789D2242-6BA2-4467-B434-9BBE44234D5A}.Release|x86.ActiveCfg = Release|Any CPU
		{789D2242-6BA2-4467-B434-9BBE44234D5A}.Release|x86.Build.0 = Release|Any CPU
		{07792752-09D4-45DD-8F8A-17769C59206A}.Debug|Any CPU.ActiveCfg = Debug|x86
		{07792752-09D4-45DD-8F8A-17769C59206A}.Debug|x86.ActiveCfg = Debug|x86
		{07792752-09D4-45DD-8F8A-17769C59206A}.Debug|x86.Build.0 = Debug|x86
		{07792752-09D4-45DD-8F8A-17769C59206A}.Release|Any CPU.ActiveCfg = Release|x86
		{07792752-09D4-45DD-8F8A-17769C59206A}.Release|x86.ActiveCfg = Release|x86
		{07792752-09D4-45DD-8F8A-17769C59206A}.Release|x86.Build.0 = Release|x86
		{82B9A5C8-6A86-42C6-96BF-E516A3A1759D}.Debug|Any CPU.ActiveCfg = Debug|Any CPU
		{82B9A5C8-6A86-42C6-96BF-E516A3A1759D}.Debug|Any CPU.Build.0 = Debug|Any CPU
		{82B9A5C8-6A86-42C6-96BF-E516A3A1759D}.Debug|x86.ActiveCfg = Debug|Any CPU
		{82B9A5C8-6A86-42C6-96BF-E516A3A1759D}.Debug|x86.Build.0 = Debug|Any CPU
		{82B9A5C8-6A86-42C6-96BF-E516A3A1759D}.Release|Any CPU.ActiveCfg = Release|Any CPU
		{82B9A5C8-6A86-42C6-96BF-E516A3A1759D}.Release|Any CPU.Build.0 = Release|Any CPU
		{82B9A5C8-6A86-42C6-96BF-E516A3A1759D}.Release|x86.ActiveCfg = Release|Any CPU
		{82B9A5C8-6A86-42C6-96BF-E516A3A1759D}.Release|x86.Build.0 = Release|Any CPU
		{077E6508-BD59-482E-BA46-41DC33BA7179}.Debug|Any CPU.ActiveCfg = Debug|Any CPU
		{077E6508-BD59-482E-BA46-41DC33BA7179}.Debug|Any CPU.Build.0 = Debug|Any CPU
		{077E6508-BD59-482E-BA46-41DC33BA7179}.Debug|x86.ActiveCfg = Debug|Any CPU
		{077E6508-BD59-482E-BA46-41DC33BA7179}.Debug|x86.Build.0 = Debug|Any CPU
		{077E6508-BD59-482E-BA46-41DC33BA7179}.Release|Any CPU.ActiveCfg = Release|Any CPU
		{077E6508-BD59-482E-BA46-41DC33BA7179}.Release|Any CPU.Build.0 = Release|Any CPU
		{077E6508-BD59-482E-BA46-41DC33BA7179}.Release|x86.ActiveCfg = Release|Any CPU
		{077E6508-BD59-482E-BA46-41DC33BA7179}.Release|x86.Build.0 = Release|Any CPU
		{75C7C3FE-36E4-418B-9224-A1417433BE8D}.Debug|Any CPU.ActiveCfg = Debug|Any CPU
		{75C7C3FE-36E4-418B-9224-A1417433BE8D}.Debug|Any CPU.Build.0 = Debug|Any CPU
		{75C7C3FE-36E4-418B-9224-A1417433BE8D}.Debug|x86.ActiveCfg = Debug|Any CPU
		{75C7C3FE-36E4-418B-9224-A1417433BE8D}.Debug|x86.Build.0 = Debug|Any CPU
		{75C7C3FE-36E4-418B-9224-A1417433BE8D}.Release|Any CPU.ActiveCfg = Release|Any CPU
		{75C7C3FE-36E4-418B-9224-A1417433BE8D}.Release|Any CPU.Build.0 = Release|Any CPU
		{75C7C3FE-36E4-418B-9224-A1417433BE8D}.Release|x86.ActiveCfg = Release|Any CPU
		{75C7C3FE-36E4-418B-9224-A1417433BE8D}.Release|x86.Build.0 = Release|Any CPU
		{90D67495-7B53-4B79-A9BD-1C559FAC536F}.Debug|Any CPU.ActiveCfg = Debug|Any CPU
		{90D67495-7B53-4B79-A9BD-1C559FAC536F}.Debug|Any CPU.Build.0 = Debug|Any CPU
		{90D67495-7B53-4B79-A9BD-1C559FAC536F}.Debug|x86.ActiveCfg = Debug|Any CPU
		{90D67495-7B53-4B79-A9BD-1C559FAC536F}.Debug|x86.Build.0 = Debug|Any CPU
		{90D67495-7B53-4B79-A9BD-1C559FAC536F}.Release|Any CPU.ActiveCfg = Release|Any CPU
		{90D67495-7B53-4B79-A9BD-1C559FAC536F}.Release|Any CPU.Build.0 = Release|Any CPU
		{90D67495-7B53-4B79-A9BD-1C559FAC536F}.Release|x86.ActiveCfg = Release|Any CPU
		{90D67495-7B53-4B79-A9BD-1C559FAC536F}.Release|x86.Build.0 = Release|Any CPU
		{D56BF00D-EB07-465F-BEDB-828122976C30}.Debug|Any CPU.ActiveCfg = Debug|Any CPU
		{D56BF00D-EB07-465F-BEDB-828122976C30}.Debug|Any CPU.Build.0 = Debug|Any CPU
		{D56BF00D-EB07-465F-BEDB-828122976C30}.Debug|x86.ActiveCfg = Debug|Any CPU
		{D56BF00D-EB07-465F-BEDB-828122976C30}.Debug|x86.Build.0 = Debug|Any CPU
		{D56BF00D-EB07-465F-BEDB-828122976C30}.Release|Any CPU.ActiveCfg = Release|Any CPU
		{D56BF00D-EB07-465F-BEDB-828122976C30}.Release|Any CPU.Build.0 = Release|Any CPU
		{D56BF00D-EB07-465F-BEDB-828122976C30}.Release|x86.ActiveCfg = Release|Any CPU
		{D56BF00D-EB07-465F-BEDB-828122976C30}.Release|x86.Build.0 = Release|Any CPU
		{64E4D9EF-5F6A-4371-BB76-988DA7978437}.Debug|Any CPU.ActiveCfg = Debug|Any CPU
		{64E4D9EF-5F6A-4371-BB76-988DA7978437}.Debug|Any CPU.Build.0 = Debug|Any CPU
		{64E4D9EF-5F6A-4371-BB76-988DA7978437}.Debug|x86.ActiveCfg = Debug|Any CPU
		{64E4D9EF-5F6A-4371-BB76-988DA7978437}.Debug|x86.Build.0 = Debug|Any CPU
		{64E4D9EF-5F6A-4371-BB76-988DA7978437}.Release|Any CPU.ActiveCfg = Release|Any CPU
		{64E4D9EF-5F6A-4371-BB76-988DA7978437}.Release|Any CPU.Build.0 = Release|Any CPU
		{64E4D9EF-5F6A-4371-BB76-988DA7978437}.Release|x86.ActiveCfg = Release|Any CPU
		{64E4D9EF-5F6A-4371-BB76-988DA7978437}.Release|x86.Build.0 = Release|Any CPU
		{6D6C6215-8154-4E95-9B5E-71E526CE091B}.Debug|Any CPU.ActiveCfg = Debug|Any CPU
		{6D6C6215-8154-4E95-9B5E-71E526CE091B}.Debug|Any CPU.Build.0 = Debug|Any CPU
		{6D6C6215-8154-4E95-9B5E-71E526CE091B}.Debug|x86.ActiveCfg = Debug|Any CPU
		{6D6C6215-8154-4E95-9B5E-71E526CE091B}.Debug|x86.Build.0 = Debug|Any CPU
		{6D6C6215-8154-4E95-9B5E-71E526CE091B}.Release|Any CPU.ActiveCfg = Release|Any CPU
		{6D6C6215-8154-4E95-9B5E-71E526CE091B}.Release|Any CPU.Build.0 = Release|Any CPU
		{6D6C6215-8154-4E95-9B5E-71E526CE091B}.Release|x86.ActiveCfg = Release|Any CPU
		{6D6C6215-8154-4E95-9B5E-71E526CE091B}.Release|x86.Build.0 = Release|Any CPU
		{FD09709D-A3DC-487B-AD25-26E5452DC811}.Debug|Any CPU.ActiveCfg = Debug|Any CPU
		{FD09709D-A3DC-487B-AD25-26E5452DC811}.Debug|Any CPU.Build.0 = Debug|Any CPU
		{FD09709D-A3DC-487B-AD25-26E5452DC811}.Debug|x86.ActiveCfg = Debug|Any CPU
		{FD09709D-A3DC-487B-AD25-26E5452DC811}.Debug|x86.Build.0 = Debug|Any CPU
		{FD09709D-A3DC-487B-AD25-26E5452DC811}.Release|Any CPU.ActiveCfg = Release|Any CPU
		{FD09709D-A3DC-487B-AD25-26E5452DC811}.Release|Any CPU.Build.0 = Release|Any CPU
		{FD09709D-A3DC-487B-AD25-26E5452DC811}.Release|x86.ActiveCfg = Release|Any CPU
		{FD09709D-A3DC-487B-AD25-26E5452DC811}.Release|x86.Build.0 = Release|Any CPU
	EndGlobalSection
	GlobalSection(SolutionProperties) = preSolution
		HideSolutionNode = FALSE
	EndGlobalSection
	GlobalSection(NestedProjects) = preSolution
		{9935D7A9-E4DC-48CE-9934-BF0E379892CA} = {EF0DDAAE-3A0C-4F0E-8EC8-914FD50B2737}
		{81A7B02D-8576-445F-95A5-5F6EA8E927F8} = {3153878A-99CB-4DA2-96DF-7DB639F14A87}
		{EBD5E47F-3764-4129-BB98-25E33F73B224} = {2DFBFA3A-B289-4723-A630-C5240C7ADE85}
		{CCB39A69-844E-4A0A-A2AB-24DCBB9C6CDA} = {EF0DDAAE-3A0C-4F0E-8EC8-914FD50B2737}
		{0A3AB1D0-B1BA-4E4C-8907-492C7856DC21} = {EF0DDAAE-3A0C-4F0E-8EC8-914FD50B2737}
		{6F57EF26-FA40-4A1E-BD23-DA25755334F2} = {2DFBFA3A-B289-4723-A630-C5240C7ADE85}
		{789D2242-6BA2-4467-B434-9BBE44234D5A} = {6F57EF26-FA40-4A1E-BD23-DA25755334F2}
		{EF0DDAAE-3A0C-4F0E-8EC8-914FD50B2737} = {035F16E0-E30C-43CB-8BB7-C8322283208D}
		{3153878A-99CB-4DA2-96DF-7DB639F14A87} = {035F16E0-E30C-43CB-8BB7-C8322283208D}
		{07792752-09D4-45DD-8F8A-17769C59206A} = {D7930C1C-6407-4791-AF3F-3A0884F428CC}
		{D7930C1C-6407-4791-AF3F-3A0884F428CC} = {7721B58D-7236-4F4D-87C8-70A7107E3F7F}
		{072358EF-DD46-4015-AAF2-E5E53DF30343} = {035F16E0-E30C-43CB-8BB7-C8322283208D}
		{82B9A5C8-6A86-42C6-96BF-E516A3A1759D} = {072358EF-DD46-4015-AAF2-E5E53DF30343}
		{41EDA034-80AD-438B-8DE2-B60F9BFA3555} = {035F16E0-E30C-43CB-8BB7-C8322283208D}
		{077E6508-BD59-482E-BA46-41DC33BA7179} = {41EDA034-80AD-438B-8DE2-B60F9BFA3555}
		{75C7C3FE-36E4-418B-9224-A1417433BE8D} = {41EDA034-80AD-438B-8DE2-B60F9BFA3555}
		{90D67495-7B53-4B79-A9BD-1C559FAC536F} = {41EDA034-80AD-438B-8DE2-B60F9BFA3555}
		{BCC48DC3-6E2C-4C8A-94D5-E9A34078A9C8} = {3A37D965-DB8E-406E-B472-F58E661921FA}
		{D56BF00D-EB07-465F-BEDB-828122976C30} = {2DFBFA3A-B289-4723-A630-C5240C7ADE85}
		{4514A2B0-7400-42EB-96B1-F6904C31FE0F} = {6F57EF26-FA40-4A1E-BD23-DA25755334F2}
		{64E4D9EF-5F6A-4371-BB76-988DA7978437} = {4514A2B0-7400-42EB-96B1-F6904C31FE0F}
		{6D6C6215-8154-4E95-9B5E-71E526CE091B} = {2DFBFA3A-B289-4723-A630-C5240C7ADE85}
		{72A10DAD-4C7D-4F7B-A8B2-BCE3D391F4A2} = {6F57EF26-FA40-4A1E-BD23-DA25755334F2}
		{FD09709D-A3DC-487B-AD25-26E5452DC811} = {72A10DAD-4C7D-4F7B-A8B2-BCE3D391F4A2}
	EndGlobalSection
	GlobalSection(ExtensibilityGlobals) = postSolution
		SolutionGuid = {65C2BC8A-D61C-4643-BD0F-2670F6AA9D01}
	EndGlobalSection
EndGlobal
